
Microsoft Visual Studio Solution File, Format Version 12.00
# Visual Studio Version 16
VisualStudioVersion = 16.0.31005.135
MinimumVisualStudioVersion = 10.0.40219.1
Project("{FAE04EC0-301F-11D3-BF4B-00C04F79EFBC}") = "Utils.FileSort", "Utils.FileSort\Utils.FileSort.csproj", "{4DABDF60-B872-4C01-B6D9-B1C0FD070D3C}"
EndProject
Project("{FAE04EC0-301F-11D3-BF4B-00C04F79EFBC}") = "UnitTests", "UnitTests\UnitTests.csproj", "{065CE2C3-9AF7-41D2-8AC6-BF435F98661D}"
EndProject
Global
	GlobalSection(SolutionConfigurationPlatforms) = preSolution
		Debug|Any CPU = Debug|Any CPU
		Release|Any CPU = Release|Any CPU
	EndGlobalSection
	GlobalSection(ProjectConfigurationPlatforms) = postSolution
		{4DABDF60-B872-4C01-B6D9-B1C0FD070D3C}.Debug|Any CPU.ActiveCfg = Debug|Any CPU
		{4DABDF60-B872-4C01-B6D9-B1C0FD070D3C}.Debug|Any CPU.Build.0 = Debug|Any CPU
		{4DABDF60-B872-4C01-B6D9-B1C0FD070D3C}.Release|Any CPU.ActiveCfg = Release|Any CPU
		{4DABDF60-B872-4C01-B6D9-B1C0FD070D3C}.Release|Any CPU.Build.0 = Release|Any CPU
		{065CE2C3-9AF7-41D2-8AC6-BF435F98661D}.Debug|Any CPU.ActiveCfg = Debug|Any CPU
		{065CE2C3-9AF7-41D2-8AC6-BF435F98661D}.Debug|Any CPU.Build.0 = Debug|Any CPU
		{065CE2C3-9AF7-41D2-8AC6-BF435F98661D}.Release|Any CPU.ActiveCfg = Release|Any CPU
		{065CE2C3-9AF7-41D2-8AC6-BF435F98661D}.Release|Any CPU.Build.0 = Release|Any CPU
	EndGlobalSection
	GlobalSection(SolutionProperties) = preSolution
		HideSolutionNode = FALSE
	EndGlobalSection
	GlobalSection(ExtensibilityGlobals) = postSolution
		SolutionGuid = {EFF5E159-437E-4562-BD18-F15C501CF0B3}
	EndGlobalSection
EndGlobal
